// !$*UTF8*$!
{
	archiveVersion = 1;
	classes = {
	};
	objectVersion = 46;
	objects = {

/* Begin PBXBuildFile section */
		606DFBE01CD33900004C242F /* main.m in Sources */ = {isa = PBXBuildFile; fileRef = 606DFBDF1CD33900004C242F /* main.m */; };
		606DFBE31CD33900004C242F /* AppDelegate.m in Sources */ = {isa = PBXBuildFile; fileRef = 606DFBE21CD33900004C242F /* AppDelegate.m */; };
		606DFBE61CD33900004C242F /* ViewController.m in Sources */ = {isa = PBXBuildFile; fileRef = 606DFBE51CD33900004C242F /* ViewController.m */; };
		606DFBE91CD33900004C242F /* Main.storyboard in Resources */ = {isa = PBXBuildFile; fileRef = 606DFBE71CD33900004C242F /* Main.storyboard */; };
		606DFBEB1CD33900004C242F /* Assets.xcassets in Resources */ = {isa = PBXBuildFile; fileRef = 606DFBEA1CD33900004C242F /* Assets.xcassets */; };
		606DFBEE1CD33900004C242F /* LaunchScreen.storyboard in Resources */ = {isa = PBXBuildFile; fileRef = 606DFBEC1CD33900004C242F /* LaunchScreen.storyboard */; };
		606DFBF71CD339F9004C242F /* MyWindow.m in Sources */ = {isa = PBXBuildFile; fileRef = 606DFBF61CD339F9004C242F /* MyWindow.m */; };
		606DFBFA1CD33F14004C242F /* MyView.m in Sources */ = {isa = PBXBuildFile; fileRef = 606DFBF91CD33F14004C242F /* MyView.m */; };
/* End PBXBuildFile section */

/* Begin PBXFileReference section */
		606DFBDB1CD33900004C242F /* 事件传递响应者链.app */ = {isa = PBXFileReference; explicitFileType = wrapper.application; includeInIndex = 0; path = "事件传递响应者链.app"; sourceTree = BUILT_PRODUCTS_DIR; };
		606DFBDF1CD33900004C242F /* main.m */ = {isa = PBXFileReference; lastKnownFileType = sourcecode.c.objc; path = main.m; sourceTree = "<group>"; };
		606DFBE11CD33900004C242F /* AppDelegate.h */ = {isa = PBXFileReference; lastKnownFileType = sourcecode.c.h; path = AppDelegate.h; sourceTree = "<group>"; };
		606DFBE21CD33900004C242F /* AppDelegate.m */ = {isa = PBXFileReference; lastKnownFileType = sourcecode.c.objc; path = AppDelegate.m; sourceTree = "<group>"; };
		606DFBE41CD33900004C242F /* ViewController.h */ = {isa = PBXFileReference; lastKnownFileType = sourcecode.c.h; path = ViewController.h; sourceTree = "<group>"; };
		606DFBE51CD33900004C242F /* ViewController.m */ = {isa = PBXFileReference; lastKnownFileType = sourcecode.c.objc; path = ViewController.m; sourceTree = "<group>"; };
		606DFBE81CD33900004C242F /* Base */ = {isa = PBXFileReference; lastKnownFileType = file.storyboard; name = Base; path = Base.lproj/Main.storyboard; sourceTree = "<group>"; };
		606DFBEA1CD33900004C242F /* Assets.xcassets */ = {isa = PBXFileReference; lastKnownFileType = folder.assetcatalog; path = Assets.xcassets; sourceTree = "<group>"; };
		606DFBED1CD33900004C242F /* Base */ = {isa = PBXFileReference; lastKnownFileType = file.storyboard; name = Base; path = Base.lproj/LaunchScreen.storyboard; sourceTree = "<group>"; };
		606DFBEF1CD33900004C242F /* Info.plist */ = {isa = PBXFileReference; lastKnownFileType = text.plist.xml; path = Info.plist; sourceTree = "<group>"; };
		606DFBF51CD339F9004C242F /* MyWindow.h */ = {isa = PBXFileReference; fileEncoding = 4; lastKnownFileType = sourcecode.c.h; path = MyWindow.h; sourceTree = "<group>"; };
		606DFBF61CD339F9004C242F /* MyWindow.m */ = {isa = PBXFileReference; fileEncoding = 4; lastKnownFileType = sourcecode.c.objc; path = MyWindow.m; sourceTree = "<group>"; };
		606DFBF81CD33F14004C242F /* MyView.h */ = {isa = PBXFileReference; fileEncoding = 4; lastKnownFileType = sourcecode.c.h; path = MyView.h; sourceTree = "<group>"; };
		606DFBF91CD33F14004C242F /* MyView.m */ = {isa = PBXFileReference; fileEncoding = 4; lastKnownFileType = sourcecode.c.objc; path = MyView.m; sourceTree = "<group>"; };
/* End PBXFileReference section */

/* Begin PBXFrameworksBuildPhase section */
		606DFBD81CD33900004C242F /* Frameworks */ = {
			isa = PBXFrameworksBuildPhase;
			buildActionMask = 2147483647;
			files = (
			);
			runOnlyForDeploymentPostprocessing = 0;
		};
/* End PBXFrameworksBuildPhase section */

/* Begin PBXGroup section */
		606DFBD21CD33900004C242F = {
			isa = PBXGroup;
			children = (
				606DFBDD1CD33900004C242F /* 事件传递响应者链 */,
				606DFBDC1CD33900004C242F /* Products */,
			);
			sourceTree = "<group>";
		};
		606DFBDC1CD33900004C242F /* Products */ = {
			isa = PBXGroup;
			children = (
				606DFBDB1CD33900004C242F /* 事件传递响应者链.app */,
			);
			name = Products;
			sourceTree = "<group>";
		};
		606DFBDD1CD33900004C242F /* 事件传递响应者链 */ = {
			isa = PBXGroup;
			children = (
				606DFBE11CD33900004C242F /* AppDelegate.h */,
				606DFBE21CD33900004C242F /* AppDelegate.m */,
				606DFBE41CD33900004C242F /* ViewController.h */,
				606DFBE51CD33900004C242F /* ViewController.m */,
				606DFBF51CD339F9004C242F /* MyWindow.h */,
				606DFBF61CD339F9004C242F /* MyWindow.m */,
				606DFBF81CD33F14004C242F /* MyView.h */,
				606DFBF91CD33F14004C242F /* MyView.m */,
				606DFBE71CD33900004C242F /* Main.storyboard */,
				606DFBEA1CD33900004C242F /* Assets.xcassets */,
				606DFBEC1CD33900004C242F /* LaunchScreen.storyboard */,
				606DFBEF1CD33900004C242F /* Info.plist */,
				606DFBDE1CD33900004C242F /* Supporting Files */,
			);
			path = "事件传递响应者链";
			sourceTree = "<group>";
		};
		606DFBDE1CD33900004C242F /* Supporting Files */ = {
			isa = PBXGroup;
			children = (
				606DFBDF1CD33900004C242F /* main.m */,
			);
			name = "Supporting Files";
			sourceTree = "<group>";
		};
/* End PBXGroup section */

/* Begin PBXNativeTarget section */
		606DFBDA1CD33900004C242F /* 事件传递响应者链 */ = {
			isa = PBXNativeTarget;
			buildConfigurationList = 606DFBF21CD33900004C242F /* Build configuration list for PBXNativeTarget "事件传递响应者链" */;
			buildPhases = (
				606DFBD71CD33900004C242F /* Sources */,
				606DFBD81CD33900004C242F /* Frameworks */,
				606DFBD91CD33900004C242F /* Resources */,
			);
			buildRules = (
			);
			dependencies = (
			);
			name = "事件传递响应者链";
			productName = "事件传递响应者链";
			productReference = 606DFBDB1CD33900004C242F /* 事件传递响应者链.app */;
			productType = "com.apple.product-type.application";
		};
/* End PBXNativeTarget section */

/* Begin PBXProject section */
		606DFBD31CD33900004C242F /* Project object */ = {
			isa = PBXProject;
			attributes = {
				LastUpgradeCheck = 0720;
				ORGANIZATIONNAME = "刘征";
				TargetAttributes = {
					606DFBDA1CD33900004C242F = {
						CreatedOnToolsVersion = 7.2.1;
					};
				};
			};
			buildConfigurationList = 606DFBD61CD33900004C242F /* Build configuration list for PBXProject "事件传递响应者链" */;
			compatibilityVersion = "Xcode 3.2";
			developmentRegion = English;
			hasScannedForEncodings = 0;
			knownRegions = (
				en,
				Base,
			);
			mainGroup = 606DFBD21CD33900004C242F;
			productRefGroup = 606DFBDC1CD33900004C242F /* Products */;
			projectDirPath = "";
			projectRoot = "";
			targets = (
				606DFBDA1CD33900004C242F /* 事件传递响应者链 */,
			);
		};
/* End PBXProject section */

/* Begin PBXResourcesBuildPhase section */
		606DFBD91CD33900004C242F /* Resources */ = {
			isa = PBXResourcesBuildPhase;
			buildActionMask = 2147483647;
			files = (
				606DFBEE1CD33900004C242F /* LaunchScreen.storyboard in Resources */,
				606DFBEB1CD33900004C242F /* Assets.xcassets in Resources */,
				606DFBE91CD33900004C242F /* Main.storyboard in Resources */,
			);
			runOnlyForDeploymentPostprocessing = 0;
		};
/* End PBXResourcesBuildPhase section */

/* Begin PBXSourcesBuildPhase section */
		606DFBD71CD33900004C242F /* Sources */ = {
			isa = PBXSourcesBuildPhase;
			buildActionMask = 2147483647;
			files = (
				606DFBE61CD33900004C242F /* ViewController.m in Sources */,
				606DFBE31CD33900004C242F /* AppDelegate.m in Sources */,
				606DFBE01CD33900004C242F /* main.m in Sources */,
				606DFBF71CD339F9004C242F /* MyWindow.m in Sources */,
				606DFBFA1CD33F14004C242F /* MyView.m in Sources */,
			);
			runOnlyForDeploymentPostprocessing = 0;
		};
/* End PBXSourcesBuildPhase section */

/* Begin PBXVariantGroup section */
		606DFBE71CD33900004C242F /* Main.storyboard */ = {
			isa = PBXVariantGroup;
			children = (
				606DFBE81CD33900004C242F /* Base */,
			);
			name = Main.storyboard;
			sourceTree = "<group>";
		};
		606DFBEC1CD33900004C242F /* LaunchScreen.storyboard */ = {
			isa = PBXVariantGroup;
			children = (
				606DFBED1CD33900004C242F /* Base */,
			);
			name = LaunchScreen.storyboard;
			sourceTree = "<group>";
		};
/* End PBXVariantGroup section */

/* Begin XCBuildConfiguration section */
		606DFBF01CD33900004C242F /* Debug */ = {
			isa = XCBuildConfiguration;
			buildSettings = {
				ALWAYS_SEARCH_USER_PATHS = NO;
				CLANG_CXX_LANGUAGE_STANDARD = "gnu++0x";
				CLANG_CXX_LIBRARY = "libc++";
				CLANG_ENABLE_MODULES = YES;
				CLANG_ENABLE_OBJC_ARC = YES;
				CLANG_WARN_BOOL_CONVERSION = YES;
				CLANG_WARN_CONSTANT_CONVERSION = YES;
				CLANG_WARN_DIRECT_OBJC_ISA_USAGE = YES_ERROR;
				CLANG_WARN_EMPTY_BODY = YES;
				CLANG_WARN_ENUM_CONVERSION = YES;
				CLANG_WARN_INT_CONVERSION = YES;
				CLANG_WARN_OBJC_ROOT_CLASS = YES_ERROR;
				CLANG_WARN_UNREACHABLE_CODE = YES;
				CLANG_WARN__DUPLICATE_METHOD_MATCH = YES;
				"CODE_SIGN_IDENTITY[sdk=iphoneos*]" = "iPhone Developer";
				COPY_PHASE_STRIP = NO;
				DEBUG_INFORMATION_FORMAT = dwarf;
				ENABLE_STRICT_OBJC_MSGSEND = YES;
				ENABLE_TESTABILITY = YES;
				GCC_C_LANGUAGE_STANDARD = gnu99;
				GCC_DYNAMIC_NO_PIC = NO;
				GCC_NO_COMMON_BLOCKS = YES;
				GCC_OPTIMIZATION_LEVEL = 0;
				GCC_PREPROCESSOR_DEFINITIONS = (
					"DEBUG=1",
					"$(inherited)",
				);
				GCC_WARN_64_TO_32_BIT_CONVERSION = YES;
				GCC_WARN_ABOUT_RETURN_TYPE = YES_ERROR;
				GCC_WARN_UNDECLARED_SELECTOR = YES;
				GCC_WARN_UNINITIALIZED_AUTOS = YES_AGGRESSIVE;
				GCC_WARN_UNUSED_FUNCTION = YES;
				GCC_WARN_UNUSED_VARIABLE = YES;
				IPHONEOS_DEPLOYMENT_TARGET = 9.2;
				MTL_ENABLE_DEBUG_INFO = YES;
				ONLY_ACTIVE_ARCH = YES;
				SDKROOT = iphoneos;
				TARGETED_DEVICE_FAMILY = "1,2";
			};
			name = Debug;
		};
		606DFBF11CD33900004C242F /* Release */ = {
			isa = XCBuildConfiguration;
			buildSettings = {
				ALWAYS_SEARCH_USER_PATHS = NO;
				CLANG_CXX_LANGUAGE_STANDARD = "gnu++0x";
				CLANG_CXX_LIBRARY = "libc++";
				CLANG_ENABLE_MODULES = YES;
				CLANG_ENABLE_OBJC_ARC = YES;
				CLANG_WARN_BOOL_CONVERSION = YES;
				CLANG_WARN_CONSTANT_CONVERSION = YES;
				CLANG_WARN_DIRECT_OBJC_ISA_USAGE = YES_ERROR;
				CLANG_WARN_EMPTY_BODY = YES;
				CLANG_WARN_ENUM_CONVERSION = YES;
				CLANG_WARN_INT_CONVERSION = YES;
				CLANG_WARN_OBJC_ROOT_CLASS = YES_ERROR;
				CLANG_WARN_UNREACHABLE_CODE = YES;
				CLANG_WARN__DUPLICATE_METHOD_MATCH = YES;
				"CODE_SIGN_IDENTITY[sdk=iphoneos*]" = "iPhone Developer";
				COPY_PHASE_STRIP = NO;
				DEBUG_INFORMATION_FORMAT = "dwarf-with-dsym";
				ENABLE_NS_ASSERTIONS = NO;
				ENABLE_STRICT_OBJC_MSGSEND = YES;
				GCC_C_LANGUAGE_STANDARD = gnu99;
				GCC_NO_COMMON_BLOCKS = YES;
				GCC_WARN_64_TO_32_BIT_CONVERSION = YES;
				GCC_WARN_ABOUT_RETURN_TYPE = YES_ERROR;
				GCC_WARN_UNDECLARED_SELECTOR = YES;
				GCC_WARN_UNINITIALIZED_AUTOS = YES_AGGRESSIVE;
				GCC_WARN_UNUSED_FUNCTION = YES;
				GCC_WARN_UNUSED_VARIABLE = YES;
				IPHONEOS_DEPLOYMENT_TARGET = 9.2;
				MTL_ENABLE_DEBUG_INFO = NO;
				SDKROOT = iphoneos;
				TARGETED_DEVICE_FAMILY = "1,2";
				VALIDATE_PRODUCT = YES;
			};
			name = Release;
		};
		606DFBF31CD33900004C242F /* Debug */ = {
			isa = XCBuildConfiguration;
			buildSettings = {
				ASSETCATALOG_COMPILER_APPICON_NAME = AppIcon;
				INFOPLIST_FILE = "事件传递响应者链/Info.plist";
				LD_RUNPATH_SEARCH_PATHS = "$(inherited) @executable_path/Frameworks";
				PRODUCT_BUNDLE_IDENTIFIER = "liuzheng.--------";
				PRODUCT_NAME = "$(TARGET_NAME)";
			};
			name = Debug;
		};
		606DFBF41CD33900004C242F /* Release */ = {
			isa = XCBuildConfiguration;
			buildSettings = {
				ASSETCATALOG_COMPILER_APPICON_NAME = AppIcon;
				INFOPLIST_FILE = "事件传递响应者链/Info.plist";
				LD_RUNPATH_SEARCH_PATHS = "$(inherited) @executable_path/Frameworks";
				PRODUCT_BUNDLE_IDENTIFIER = "liuzheng.--------";
				PRODUCT_NAME = "$(TARGET_NAME)";
			};
			name = Release;
		};
/* End XCBuildConfiguration section */

/* Begin XCConfigurationList section */
		606DFBD61CD33900004C242F /* Build configuration list for PBXProject "事件传递响应者链" */ = {
			isa = XCConfigurationList;
			buildConfigurations = (
				606DFBF01CD33900004C242F /* Debug */,
				606DFBF11CD33900004C242F /* Release */,
			);
			defaultConfigurationIsVisible = 0;
			defaultConfigurationName = Release;
		};
		606DFBF21CD33900004C242F /* Build configuration list for PBXNativeTarget "事件传递响应者链" */ = {
			isa = XCConfigurationList;
			buildConfigurations = (
				606DFBF31CD33900004C242F /* Debug */,
				606DFBF41CD33900004C242F /* Release */,
			);
			defaultConfigurationIsVisible = 0;
		};
/* End XCConfigurationList section */
	};
	rootObject = 606DFBD31CD33900004C242F /* Project object */;
}
